
Microsoft Visual Studio Solution File, Format Version 12.00
# Visual Studio Version 17
VisualStudioVersion = 17.0.31612.314
MinimumVisualStudioVersion = 10.0.40219.1
Project("{FAE04EC0-301F-11D3-BF4B-00C04F79EFBC}") = "QueryToExcel", "QueryToExcel\QueryToExcel.csproj", "{2FBF0989-5644-42DA-A288-5DA9E94605CA}"
EndProject
Global
	GlobalSection(SolutionConfigurationPlatforms) = preSolution
		Debug|Any CPU = Debug|Any CPU
		Release|Any CPU = Release|Any CPU
	EndGlobalSection
	GlobalSection(ProjectConfigurationPlatforms) = postSolution
		{2FBF0989-5644-42DA-A288-5DA9E94605CA}.Debug|Any CPU.ActiveCfg = Debug|Any CPU
		{2FBF0989-5644-42DA-A288-5DA9E94605CA}.Debug|Any CPU.Build.0 = Debug|Any CPU
		{2FBF0989-5644-42DA-A288-5DA9E94605CA}.Release|Any CPU.ActiveCfg = Release|Any CPU
		{2FBF0989-5644-42DA-A288-5DA9E94605CA}.Release|Any CPU.Build.0 = Release|Any CPU
	EndGlobalSection
	GlobalSection(SolutionProperties) = preSolution
		HideSolutionNode = FALSE
	EndGlobalSection
	GlobalSection(ExtensibilityGlobals) = postSolution
		SolutionGuid = {ADE25E97-592A-4A4D-A90F-2CE04732A386}
	EndGlobalSection
EndGlobal
